
Microsoft Visual Studio Solution File, Format Version 12.00
# Visual Studio Version 17
VisualStudioVersion = 17.2.32505.173
MinimumVisualStudioVersion = 10.0.40219.1
Project("{FAE04EC0-301F-11D3-BF4B-00C04F79EFBC}") = "test_project", "test_project.csproj", "{32859C36-1614-4F1F-A9E8-08C3BE11112A}"
EndProject
Global
	GlobalSection(SolutionConfigurationPlatforms) = preSolution
		Debug|Any CPU = Debug|Any CPU
		Release|Any CPU = Release|Any CPU
	EndGlobalSection
	GlobalSection(ProjectConfigurationPlatforms) = postSolution
		{32859C36-1614-4F1F-A9E8-08C3BE11112A}.Debug|Any CPU.ActiveCfg = Debug|Any CPU
		{32859C36-1614-4F1F-A9E8-08C3BE11112A}.Debug|Any CPU.Build.0 = Debug|Any CPU
		{32859C36-1614-4F1F-A9E8-08C3BE11112A}.Release|Any CPU.ActiveCfg = Release|Any CPU
		{32859C36-1614-4F1F-A9E8-08C3BE11112A}.Release|Any CPU.Build.0 = Release|Any CPU
	EndGlobalSection
	GlobalSection(SolutionProperties) = preSolution
		HideSolutionNode = FALSE
	EndGlobalSection
	GlobalSection(ExtensibilityGlobals) = postSolution
		SolutionGuid = {EDF2406B-A3DD-4460-AAA8-56ADF7775223}
	EndGlobalSection
EndGlobal
